{
  "version": 4,
  "terraform_version": "1.4.6",
  "serial": 12,
  "lineage": "cccfa0f2-c726-7170-f446-4d5cc82ee436",
  "outputs": {
    "ec2_ami": {
      "value": {
        "ami": "alsjdnjsnd@ubuntujasndjsnad.com",
        "instances": 5,
        "keys": [
          "key1.pem",
          "key2.pem"
        ],
        "name": "ec2-terraform"
      },
      "type": [
        "object",
        {
          "ami": "string",
          "instances": "number",
          "keys": [
            "list",
            "string"
          ],
          "name": "string"
        }
      ]
    },
    "json_var_output": {
      "value": "90",
      "type": "string"
    },
    "var2": {
      "value": "1",
      "type": "string"
    },
    "variables_map": {
      "value": "Atif Sajjad",
      "type": "string"
    },
    "varibale_list_map": {
      "value": "content2",
      "type": "string"
    }
  },
  "resources": [
    {
      "mode": "managed",
      "type": "local_file",
      "name": "test_file1",
      "provider": "provider[\"registry.terraform.io/hashicorp/local\"]",
      "instances": [
        {
          "schema_version": 0,
          "attributes": {
            "content": " This file is test1_file",
            "content_base64": null,
            "content_base64sha256": "pGY4kDdYwBkR+fCk5bpbw3X9BNL2kb3+HF1IeSQaofA=",
            "content_base64sha512": "lppJ2inCaoa2BNzyHnHBMXGAVf1W22n3H1s4FgIM7fpOIX5ukE7RChfH583SjE1mZJFf03uTA/CRgx740QKb6Q==",
            "content_md5": "633b30dc6e84895fbec12388d52dd741",
            "content_sha1": "a2b273f279ba8649833d86da5f6374a2a2bc0868",
            "content_sha256": "a46638903758c01911f9f0a4e5ba5bc375fd04d2f691bdfe1c5d4879241aa1f0",
            "content_sha512": "969a49da29c26a86b604dcf21e71c131718055fd56db69f71f5b3816020cedfa4e217e6e904ed10a17c7e7cdd28c4d6664915fd37b9303f091831ef8d1029be9",
            "directory_permission": "0777",
            "file_permission": "0777",
            "filename": "/home/ubuntu/terraform/terraform-variables/test_file1.txt",
            "id": "a2b273f279ba8649833d86da5f6374a2a2bc0868",
            "sensitive_content": null,
            "source": null
          },
          "sensitive_attributes": []
        }
      ]
    },
    {
      "mode": "managed",
      "type": "local_file",
      "name": "test_file2_var",
      "provider": "provider[\"registry.terraform.io/hashicorp/local\"]",
      "instances": [
        {
          "schema_version": 0,
          "attributes": {
            "content": "this is file 2",
            "content_base64": null,
            "content_base64sha256": "p80Sz3beUlxa1Ly8dCOLD2GaeAasus9oFixMp2NR8a0=",
            "content_base64sha512": "2Ntp3tTW/H/1r51u1Xv/lUDG4YCf2Lm+xvOQz9ggoL7UeNKgvtKadFNTtWRFl5Ph/WCLEIQvoroADWyyWRHY3A==",
            "content_md5": "9a3973b06d6f44a32a97a0f3baed74c4",
            "content_sha1": "4b12046facfee0eca1fa3d1910c4c5baad3e660f",
            "content_sha256": "a7cd12cf76de525c5ad4bcbc74238b0f619a7806acbacf68162c4ca76351f1ad",
            "content_sha512": "d8db69ded4d6fc7ff5af9d6ed57bff9540c6e1809fd8b9bec6f390cfd820a0bed478d2a0bed29a745353b564459793e1fd608b10842fa2ba000d6cb25911d8dc",
            "directory_permission": "0777",
            "file_permission": "0777",
            "filename": "/home/ubuntu/terraform/terraform-variables/filename1_automated.txt",
            "id": "4b12046facfee0eca1fa3d1910c4c5baad3e660f",
            "sensitive_content": null,
            "source": null
          },
          "sensitive_attributes": []
        }
      ]
    }
  ],
  "check_results": null
}
