{
  "version": 4,
  "terraform_version": "1.4.6",
  "serial": 1,
  "lineage": "36d2bf13-9160-aa33-146a-597061cb8e3d",
  "outputs": {},
  "resources": [
    {
      "mode": "managed",
      "type": "local_file",
      "name": "file",
      "provider": "provider[\"registry.terraform.io/hashicorp/local\"]",
      "instances": [
        {
          "schema_version": 0,
          "attributes": {
            "content": "I am learning terraform",
            "content_base64": null,
            "content_base64sha256": "zdxbnFRlO3lrdk//cy+tm6BvWi1f3A+7I18xgtIcLvs=",
            "content_base64sha512": "cDh4G1kumiH2TWceIRBMhAF4iSc+ECcI7BGEDXpFd5Hg2IaUEoyA2KEzXxRHbOabL3WPGlMGaKlPDv59M8bQSg==",
            "content_md5": "bea67e44e26966e82058968048005c4d",
            "content_sha1": "3506da7345dd40ff034ad248617e0b74fd931106",
            "content_sha256": "cddc5b9c54653b796b764fff732fad9ba06f5a2d5fdc0fbb235f3182d21c2efb",
            "content_sha512": "7038781b592e9a21f64d671e21104c84017889273e102708ec11840d7a457791e0d88694128c80d8a1335f14476ce69b2f758f1a530668a94f0efe7d33c6d04a",
            "directory_permission": "0777",
            "file_permission": "0777",
            "filename": "terraform.txt",
            "id": "3506da7345dd40ff034ad248617e0b74fd931106",
            "sensitive_content": null,
            "source": null
          },
          "sensitive_attributes": []
        }
      ]
    }
  ],
  "check_results": null
}
